github.com/RoaringBitmap/roaring/v2 v2.4.5 h1:uGrrMreGjvAtTBobc0g5IrW1D5ldxDQYe2JW2gggRdg=
github.com/RoaringBitmap/roaring/v2 v2.4.5/go.mod h1:FiJcsfkGje/nZBZgCu0ZxCPOKD/hVXDS2dXi7/eUFE0=
github.com/beorn7/perks v1.0.1 h1:VlbKKnNfV8bJzeqoa4cOKqO6bYr3WgKZxO8Z16+hsOM=
github.com/beorn7/perks v1.0.1/go.mod h1:G2ZrVWU2WbWT9wwq4/hrbKbnv/1ERSJQ0ibhJ6rlkpw=
github.com/bits-and-blooms/bitset v1.12.0/go.mod h1:7hO7Gc7Pp1vODcmWvKMRA9BNmbv6a/7QIWpPxHddWR8=
github.com/bits-and-blooms/bitset v1.22.0 h1:Tquv9S8+SGaS3EhyA+up3FXzmkhxPGjQQCkcs2uw7w4=
github.com/bits-and-blooms/bitset v1.22.0/go.mod h1:7hO7Gc7Pp1vODcmWvKMRA9BNmbv6a/7QIWpPxHddWR8=
github.com/blevesearch/bleve/v2 v2.5.7 h1:2d9YrL5zrX5EBBW++GOaEKjE+NPWeZGaX77IM26m1Z8=
github.com/blevesearch/bleve/v2 v2.5.7/go.mod h1:yj0NlS7ocGC4VOSAedqDDMktdh2935v2CSWOCDMHdSA=
github.com/blevesearch/bleve_index_api v1.2.11 h1:bXQ54kVuwP8hdrXUSOnvTQfgK0KI1+f9A0ITJT8tX1s=
github.com/blevesearch/bleve_index_api v1.2.11/go.mod h1:rKQDl4u51uwafZxFrPD1R7xFOwKnzZW7s/LSeK4lgo0=
github.com/blevesearch/geo v0.2.4 h1:ECIGQhw+QALCZaDcogRTNSJYQXRtC8/m8IKiA706cqk=
github.com/blevesearch/geo v0.2.4/go.mod h1:K56Q33AzXt2YExVHGObtmRSFYZKYGv0JEN5mdacJJR8=
github.com/blevesearch/go-faiss v1.0.26 h1:4dRLolFgjPyjkaXwff4NfbZFdE/dfywbzDqporeQvXI=
github.com/blevesearch/go-faiss v1.0.26/go.mod h1:OMGQwOaRRYxrmeNdMrXJPvVx8gBnvE5RYrr0BahNnkk=
github.com/blevesearch/go-porterstemmer v1.0.3 h1:GtmsqID0aZdCSNiY8SkuPJ12pD4jI+DdXTAn4YRcHCo=
github.com/blevesearch/go-porterstemmer v1.0.3/go.mod h1:angGc5Ht+k2xhJdZi511LtmxuEf0OVpvUUNrwmM1P7M=
github.com/blevesearch/gtreap v0.1.1 h1:2JWigFrzDMR+42WGIN/V2p0cUvn4UP3C4Q5nmaZGW8Y=
github.com/blevesearch/gtreap v0.1.1/go.mod h1:QaQyDRAT51sotthUWAH4Sj08awFSSWzgYICSZ3w0tYk=
github.com/blevesearch/mmap-go v1.0.4 h1:OVhDhT5B/M1HNPpYPBKIEJaD0F3Si+CrEKULGCDPWmc=
github.com/blevesearch/mmap-go v1.0.4/go.mod h1:EWmEAOmdAS9z/pi/+Toxu99DnsbhG1TIxUoRmJw/pSs=
github.com/blevesearch/scorch_segment_api/v2 v2.3.13 h1:ZPjv/4VwWvHJZKeMSgScCapOy8+DdmsmRyLmSB88UoY=
github.com/blevesearch/scorch_segment_api/v2 v2.3.13/go.mod h1:ENk2LClTehOuMS8XzN3UxBEErYmtwkE7MAArFTXs9Vc=
github.com/blevesearch/segment v0.9.1 h1:+dThDy+Lvgj5JMxhmOVlgFfkUtZV2kw49xax4+jTfSU=
github.com/blevesearch/segment v0.9.1/go.mod h1:zN21iLm7+GnBHWTao9I+Au/7MBiL8pPFtJBJTsk6kQw=
github.com/blevesearch/snowballstem v0.9.0 h1:lMQ189YspGP6sXvZQ4WZ+MLawfV8wOmPoD/iWeNXm8s=
github.com/blevesearch/snowballstem v0.9.0/go.mod h1:PivSj3JMc8WuaFkTSRDW2SlrulNWPl4ABg1tC/hlgLs=
github.com/blevesearch/upsidedown_store_api v1.0.2 h1:U53Q6YoWEARVLd1OYNc9kvhBMGZzVrdmaozG2MfoB+A=
github.com/blevesearch/upsidedown_store_api v1.0.2/go.mod h1:M01mh3Gpfy56Ps/UXHjEO/knbqyQ1Oamg8If49gRwrQ=
github.com/blevesearch/vellum v1.1.0 h1:CinkGyIsgVlYf8Y2LUQHvdelgXr6PYuvoDIajq6yR9w=
github.com/blevesearch/vellum v1.1.0/go.mod h1:QgwWryE8ThtNPxtgWJof5ndPfx0/YMBh+W2weHKPw8Y=
github.com/blevesearch/zapx/v11 v11.4.2 h1:l46SV+b0gFN+Rw3wUI1YdMWdSAVhskYuvxlcgpQFljs=
github.com/blevesearch/zapx/v11 v11.4.2/go.mod h1:4gdeyy9oGa/lLa6D34R9daXNUvfMPZqUYjPwiLmekwc=
github.com/blevesearch/zapx/v12 v12.4.2 h1:fzRbhllQmEMUuAQ7zBuMvKRlcPA5ESTgWlDEoB9uQNE=
github.com/blevesearch/zapx/v12 v12.4.2/go.mod h1:TdFmr7afSz1hFh/SIBCCZvcLfzYvievIH6aEISCte58=
github.com/blevesearch/zapx/v13 v13.4.2 h1:46PIZCO/ZuKZYgxI8Y7lOJqX3Irkc3N8W82QTK3MVks=
github.com/blevesearch/zapx/v13 v13.4.2/go.mod h1:knK8z2NdQHlb5ot/uj8wuvOq5PhDGjNYQQy0QDnopZk=
github.com/blevesearch/zapx/v14 v14.4.2 h1:2SGHakVKd+TrtEqpfeq8X+So5PShQ5nW6GNxT7fWYz0=
github.com/blevesearch/zapx/v14 v14.4.2/go.mod h1:rz0XNb/OZSMjNorufDGSpFpjoFKhXmppH9Hi7a877D8=
github.com/blevesearch/zapx/v15 v15.4.2 h1:sWxpDE0QQOTjyxYbAVjt3+0ieu8NCE0fDRaFxEsp31k=
github.com/blevesearch/zapx/v15 v15.4.2/go.mod h1:1pssev/59FsuWcgSnTa0OeEpOzmhtmr/0/11H0Z8+Nw=
github.com/blevesearch/zapx/v16 v16.2.8 h1:SlnzF0YGtSlrsOE3oE7EgEX6BIepGpeqxs1IjMbHLQI=
github.com/blevesearch/zapx/v16 v16.2.8/go.mod h1:murSoCJPCk25MqURrcJaBQ1RekuqSCSfMjXH4rHyA14=
github.com/cenkalti/backoff/v5 v5.0.3 h1:ZN+IMa753KfX5hd8vVaMixjnqRZ3y8CuJKRKj1xcsSM=
github.com/cenkalti/backoff/v5 v5.0.3/go.mod h1:rkhZdG3JZukswDf7f0cwqPNk4K0sa+F97BxZthm/crw=
github.com/cespare/xxhash/v2 v2.3.0 h1:UL815xU9SqsFlibzuggzjXhog7bL6oX9BbNZnL2UFvs=
github.com/cespare/xxhash/v2 v2.3.0/go.mod h1:VGX0DQ3Q6kWi7AoAeZDth3/j3BFtOZR5XLFGgcrjCOs=
github.com/davecgh/go-spew v1.1.0/go.mod h1:J7Y8YcW2NihsgmVo/mv3lAwl/skON4iLHjSsI+c5H38=
github.com/davecgh/go-spew v1.1.1 h1:vj9j/u1bqnvCEfJOwUhtlOARqs3+rkHYY13jYWTU97c=
github.com/davecgh/go-spew v1.1.1/go.mod h1:J7Y8YcW2NihsgmVo/mv3lAwl/skON4iLHjSsI+c5H38=
github.com/go-logr/logr v1.2.2/go.mod h1:jdQByPbusPIv2/zmleS9BjJVeZ6kBagPoEUsqbVz/1A=
github.com/go-logr/logr v1.4.3 h1:CjnDlHq8ikf6E492q6eKboGOC0T8CDaOvkHCIg8idEI=
github.com/go-logr/logr v1.4.3/go.mod h1:9T104GzyrTigFIr8wt5mBrctHMim0Nb2HLGrmQ40KvY=
github.com/go-logr/stdr v1.2.2 h1:hSWxHoqTgW2S2qGc0LTAI563KZ5YKYRhT3MFKZMbjag=
github.com/go-logr/stdr v1.2.2/go.mod h1:mMo/vtBO5dYbehREoey6XUKy/eSumjCCveDpRre4VKE=
github.com/golang-jwt/jwt/v5 v5.2.2 h1:Rl4B7itRWVtYIHFrSNd7vhTiz9UpLdi6gZhZ3wEeDy8=
github.com/golang-jwt/jwt/v5 v5.2.2/go.mod h1:pqrtFR0X4osieyHYxtmOUWsAWrfe1Q5UVIyoH402zdk=
github.com/golang/snappy v0.0.4 h1:yAGX7huGHXlcLOEtBnF4w7FQwA26wojNCwOYAEhLjQM=
github.com/golang/snappy v0.0.4/go.mod h1:/XxbfmMg8lxefKM7IXC3fBNl/7bRcc72aCRzEWrmP2Q=
github.com/google/go-cmp v0.7.0 h1:wk8382ETsv4JYUZwIsn6YpYiWiBsYLSJiTsyBybVuN8=
github.com/google/go-cmp v0.7.0/go.mod h1:pXiqmnSA92OHEEa9HXL2W4E7lf9JzCmGVUdgjX3N/iU=
github.com/google/gofuzz v1.0.0/go.mod h1:dBl0BpW6vV/+mYPU4Po3pmUjxk6FQPldtuIdl/M65Eg=
github.com/google/gofuzz v1.2.0 h1:xRy4A+RhZaiKjJ1bPfwQ8sedCA+YS2YcCHW6ec7JMi0=
github.com/google/gofuzz v1.2.0/go.mod h1:dBl0BpW6vV/+mYPU4Po3pmUjxk6FQPldtuIdl/M65Eg=
github.com/google/jsonschema-go v0.3.0 h1:6AH2TxVNtk3IlvkkhjrtbUc4S8AvO0Xii0DxIygDg+Q=
github.com/google/jsonschema-go v0.3.0/go.mod h1:r5quNTdLOYEz95Ru18zA0ydNbBuYoo9tgaYcxEYhJVE=
github.com/google/uuid v1.6.0 h1:NIvaJDMOsjHA8n1jAhLSgzrAzy1Hgr+hNrb57e+94F0=
github.com/google/uuid v1.6.0/go.mod h1:TIyPZe4MgqvfeYDBFedMoGGpEw/LqOeaOT+nhxU+yHo=
github.com/grpc-ecosystem/grpc-gateway/v2 v2.27.3 h1:NmZ1PKzSTQbuGHw9DGPFomqkkLWMC+vZCkfs+FHv1Vg=
github.com/grpc-ecosystem/grpc-gateway/v2 v2.27.3/go.mod h1:zQrxl1YP88HQlA6i9c63DSVPFklWpGX4OWAc9bFuaH4=
github.com/jonwraymond/metatools-mcp v0.4.0 h1:/lK2MKU/SZPXYCRNDL5EccvpZEoAP2FRvLdeB0aB6d4=
github.com/jonwraymond/metatools-mcp v0.4.0/go.mod h1:4if0JRqgkOO2T4AUwd6RoDLvGrEHwKFe0rGKWT8tDGY=
github.com/jonwraymond/tooladapter v0.1.0 h1:2ARw7QEGgwucwQ9kdY1kJf2cisCOyy/+pnPi7JiZOcE=
github.com/jonwraymond/tooladapter v0.1.0/go.mod h1:VUMlf7L/Un/STmIoAIizQ8D9c0SjKZMAAU8kZeLFSPU=
github.com/jonwraymond/tooladapter v0.2.0 h1:gxgN8ni246M0CWO1d9GCZziNqol6qFRuoZixnzR+25A=
github.com/jonwraymond/tooladapter v0.2.0/go.mod h1:VUMlf7L/Un/STmIoAIizQ8D9c0SjKZMAAU8kZeLFSPU=
github.com/jonwraymond/toolcache v0.2.0 h1:Vn1lZsT6OQuaH3NFsPcLzHlRAC9f5fk5ROlAtuW6Gno=
github.com/jonwraymond/toolcache v0.2.0/go.mod h1:GAMrNpFq+tuu0mKiMmEtJdD+GOcHhe+loPJjo9hO56Y=
github.com/jonwraymond/toolcode v0.3.0 h1:8Xn62NRH6WfQGinNbq28zZFrCJkayyje2tKJefTmvyI=
github.com/jonwraymond/toolcode v0.3.0/go.mod h1:UTXveBORgBARjjW0Ay6epDjYlWOJ+HykbvoOOucgbhw=
github.com/jonwraymond/tooldocs v0.2.0 h1:kiLFp3WaJLxqIGVJwQLHTnbM+1+1JsrE8Si9208QX3Y=
github.com/jonwraymond/tooldocs v0.2.0/go.mod h1:7L9Ur1bN6UlChbdGvQBtuEJ5VnihOwAIhZM01I0bflo=
github.com/jonwraymond/toolindex v0.3.0 h1:N5CpXmVqh3bMwnUI2h2eleKS/rOyugOGyGx20Yn2vkI=
github.com/jonwraymond/toolindex v0.3.0/go.mod h1:IVmqAsu1Dm6HAXOtnnNy+IQIU+zRYHN2lwOFFgeIdSM=
github.com/jonwraymond/toolmodel v0.2.0 h1:1Jne9cyTGeb3VTFxzVx+Rp8x5l3WkZT98a8lQnCML7g=
github.com/jonwraymond/toolmodel v0.2.0/go.mod h1:2S1YAIv2IGcwxqEaB0V4egvnY7opCdoTNknKJMg2pkE=
github.com/jonwraymond/toolobserve v0.2.0 h1:Iwp6eKHUaiiHhvnaAK3AjVk+qdZZV8HdvGezzpzf8wc=
github.com/jonwraymond/toolobserve v0.2.0/go.mod h1:DJvNTe0hoLt2EQtMm5j60DQGaZ13wUp4P2myhMzqNtk=
github.com/jonwraymond/toolrun v0.3.0 h1:BNpkfHBjM12opv77iGyxtg6ENEI44stzTBr5dDm5xAc=
github.com/jonwraymond/toolrun v0.3.0/go.mod h1:osEaTNLfjbCC9rupyzlOwz3nZONL1Nk+YL1fiE3y+ks=
github.com/jonwraymond/toolruntime v0.2.1 h1:cIGyjRIsD72tX68/bFMCA/tvOBQbXS/JfzTJM+2ba0c=
github.com/jonwraymond/toolruntime v0.2.1/go.mod h1:z4XwbjR3GDj86xIGnhWSR2KkopHgfeN37ZQMIFG4CXI=
github.com/jonwraymond/toolsearch v0.3.0 h1:zF3XrLn1pJvU4vV2ZIie59jNSgfTIu7nfPKEQOYxxn8=
github.com/jonwraymond/toolsearch v0.3.0/go.mod h1:o8nOuJayCzByEjoeicplaLZVhCmExJDNqRvAeRQT9uk=
github.com/jonwraymond/toolsemantic v0.2.0 h1:zPzmoPZrjhDEVVfUjnxlALhRLk0Htkk9Fr0lXMLHzOM=
github.com/jonwraymond/toolsemantic v0.2.0/go.mod h1:wSWMX69jlW8dpNJczPzkg0/ZfhRxHZ5KdByxKJ9fEaE=
github.com/jonwraymond/toolset v0.2.0 h1:0idmchOYktscVbESGHYqObF4ZrAMaMQ6xLrZX/PXHjA=
github.com/jonwraymond/toolset v0.2.0/go.mod h1:p32uSqSFfQdq63GvHaysyc/GMelvYNIfbkCFoE3qtTw=
github.com/jonwraymond/toolset v0.2.1 h1:md0fdyOrn7Np/txHBe6PmBH7qhlbrddOyAjf66Ycu0c=
github.com/jonwraymond/toolset v0.2.1/go.mod h1:/qKmA7h4R+zNkVUPTKaQX4FheVw5hqfUEW5dkwZKseU=
github.com/jonwraymond/toolset v1.0.1 h1:ONRNxIcFp1N1XWzBuW8wwd0wdE/zJDCqqo1tgcPx0DE=
github.com/jonwraymond/toolset v1.0.1/go.mod h1:ZZX3EjG3q9o5QiVgKb6gvucUfATWd5LOXo5qrT5tT64=
github.com/jonwraymond/toolskill v0.2.0 h1:3xpk2ZvluqE5IKw3Bm69rHQ2YJNTxWbJ193d0vCBGgY=
github.com/jonwraymond/toolskill v0.2.0/go.mod h1:+H6rqK0Q/jlrGk2GBJ9IOdMI28zXXzsCyDif9umNEh8=
github.com/json-iterator/go v0.0.0-20171115153421-f7279a603ede h1:YrgBGwxMRK0Vq0WSCWFaZUnTsrA/PZE/xs1QZh+/edg=
github.com/json-iterator/go v0.0.0-20171115153421-f7279a603ede/go.mod h1:+SdeFBvtyEkXs7REEP0seUULqWtbJapLOCVDaaPEHmU=
github.com/json-iterator/go v1.1.12 h1:PV8peI4a0ysnczrg+LtxykD8LfKY9ML6u2jnxaEnrnM=
github.com/json-iterator/go v1.1.12/go.mod h1:e30LSqwooZae/UwlEbR2852Gd8hjQvJoHmT4TnhNGBo=
github.com/modelcontextprotocol/go-sdk v1.2.0 h1:Y23co09300CEk8iZ/tMxIX1dVmKZkzoSBZOpJwUnc/s=
github.com/modelcontextprotocol/go-sdk v1.2.0/go.mod h1:6fM3LCm3yV7pAs8isnKLn07oKtB0MP9LHd3DfAcKw10=
github.com/modern-go/concurrent v0.0.0-20180228061459-e0a39a4cb421/go.mod h1:6dJC0mAP4ikYIbvyc7fijjWJddQyLn8Ig3JB5CqoB9Q=
github.com/modern-go/concurrent v0.0.0-20180306012644-bacd9c7ef1dd h1:TRLaZ9cD/w8PVh93nsPXa1VrQ6jlwL5oN8l14QlcNfg=
github.com/modern-go/concurrent v0.0.0-20180306012644-bacd9c7ef1dd/go.mod h1:6dJC0mAP4ikYIbvyc7fijjWJddQyLn8Ig3JB5CqoB9Q=
github.com/modern-go/reflect2 v1.0.2 h1:xBagoLtFs94CBntxluKeaWgTMpvLxC4ur3nMaC9Gz0M=
github.com/modern-go/reflect2 v1.0.2/go.mod h1:yWuevngMOJpCy52FWWMvUC8ws7m/LJsjYzDa0/r8luk=
github.com/mschoch/smat v0.2.0 h1:8imxQsjDm8yFEAVBe7azKmKSgzSkZXDuKkSq9374khM=
github.com/mschoch/smat v0.2.0/go.mod h1:kc9mz7DoBKqDyiRL7VZN8KvXQMWeTaVnttLRXOlotKw=
github.com/munnerz/goautoneg v0.0.0-20191010083416-a7dc8b61c822 h1:C3w9PqII01/Oq1c1nUAm88MOHcQC9l5mIlSMApZMrHA=
github.com/munnerz/goautoneg v0.0.0-20191010083416-a7dc8b61c822/go.mod h1:+n7T8mK8HuQTcFwEeznm/DIxMOiR9yIdICNftLE1DvQ=
github.com/pmezard/go-difflib v1.0.0 h1:4DBwDE0NGyQoBHbLQYPwSUPoCMWR5BEzIk/f1lZbAQM=
github.com/pmezard/go-difflib v1.0.0/go.mod h1:iKH77koFhYxTK1pcRnkKkqfTogsbg7gZNVY4sRDYZ/4=
github.com/prometheus/client_golang v1.23.2 h1:Je96obch5RDVy3FDMndoUsjAhG5Edi49h0RJWRi/o0o=
github.com/prometheus/client_golang v1.23.2/go.mod h1:Tb1a6LWHB3/SPIzCoaDXI4I8UHKeFTEQ1YCr+0Gyqmg=
github.com/prometheus/client_model v0.6.2 h1:oBsgwpGs7iVziMvrGhE53c/GrLUsZdHnqNwqPLxwZyk=
github.com/prometheus/client_model v0.6.2/go.mod h1:y3m2F6Gdpfy6Ut/GBsUqTWZqCUvMVzSfMLjcu6wAwpE=
github.com/prometheus/common v0.67.4 h1:yR3NqWO1/UyO1w2PhUvXlGQs/PtFmoveVO0KZ4+Lvsc=
github.com/prometheus/common v0.67.4/go.mod h1:gP0fq6YjjNCLssJCQp0yk4M8W6ikLURwkdd/YKtTbyI=
github.com/prometheus/otlptranslator v1.0.0 h1:s0LJW/iN9dkIH+EnhiD3BlkkP5QVIUVEoIwkU+A6qos=
github.com/prometheus/otlptranslator v1.0.0/go.mod h1:vRYWnXvI6aWGpsdY/mOT/cbeVRBlPWtBNDb7kGR3uKM=
github.com/prometheus/procfs v0.19.2 h1:zUMhqEW66Ex7OXIiDkll3tl9a1ZdilUOd/F6ZXw4Vws=
github.com/prometheus/procfs v0.19.2/go.mod h1:M0aotyiemPhBCM0z5w87kL22CxfcH05ZpYlu+b4J7mw=
github.com/stretchr/objx v0.1.0/go.mod h1:HFkY916IF+rwdDfMAkV7OtwuqBVzrE8GR6GFx+wExME=
github.com/stretchr/testify v1.3.0/go.mod h1:M5WIy9Dh21IEIfnGCwXGc5bZfKNJtfHm1UVUgZn+9EI=
github.com/stretchr/testify v1.7.0/go.mod h1:6Fq8oRcR53rry900zMqJjRRixrwX3KX962/h/Wwjteg=
github.com/stretchr/testify v1.10.0 h1:Xv5erBjTwe/5IxqUQTdXv5kgmIvbHo3QQyRwhJsOfJA=
github.com/stretchr/testify v1.10.0/go.mod h1:r2ic/lqez/lEtzL7wO/rwa5dbSLXVDPFyf8C91i36aY=
github.com/yosida95/uritemplate/v3 v3.0.2 h1:Ed3Oyj9yrmi9087+NczuL5BwkIc4wvTb5zIM+UJPGz4=
github.com/yosida95/uritemplate/v3 v3.0.2/go.mod h1:ILOh0sOhIJR3+L/8afwt/kE++YT040gmv5BQTMR2HP4=
go.etcd.io/bbolt v1.4.0 h1:TU77id3TnN/zKr7CO/uk+fBCwF2jGcMuw2B/FMAzYIk=
go.etcd.io/bbolt v1.4.0/go.mod h1:AsD+OCi/qPN1giOX1aiLAha3o1U8rAz65bvN4j0sRuk=
go.opentelemetry.io/auto/sdk v1.2.1 h1:jXsnJ4Lmnqd11kwkBV2LgLoFMZKizbCi5fNZ/ipaZ64=
go.opentelemetry.io/auto/sdk v1.2.1/go.mod h1:KRTj+aOaElaLi+wW1kO/DZRXwkF4C5xPbEe3ZiIhN7Y=
go.opentelemetry.io/otel v1.39.0 h1:8yPrr/S0ND9QEfTfdP9V+SiwT4E0G7Y5MO7p85nis48=
go.opentelemetry.io/otel v1.39.0/go.mod h1:kLlFTywNWrFyEdH0oj2xK0bFYZtHRYUdv1NklR/tgc8=
go.opentelemetry.io/otel/exporters/otlp/otlpmetric/otlpmetricgrpc v1.39.0 h1:cEf8jF6WbuGQWUVcqgyWtTR0kOOAWY1DYZ+UhvdmQPw=
go.opentelemetry.io/otel/exporters/otlp/otlpmetric/otlpmetricgrpc v1.39.0/go.mod h1:k1lzV5n5U3HkGvTCJHraTAGJ7MqsgL1wrGwTj1Isfiw=
go.opentelemetry.io/otel/exporters/otlp/otlptrace v1.39.0 h1:f0cb2XPmrqn4XMy9PNliTgRKJgS5WcL/u0/WRYGz4t0=
go.opentelemetry.io/otel/exporters/otlp/otlptrace v1.39.0/go.mod h1:vnakAaFckOMiMtOIhFI2MNH4FYrZzXCYxmb1LlhoGz8=
go.opentelemetry.io/otel/exporters/otlp/otlptrace/otlptracegrpc v1.39.0 h1:in9O8ESIOlwJAEGTkkf34DesGRAc/Pn8qJ7k3r/42LM=
go.opentelemetry.io/otel/exporters/otlp/otlptrace/otlptracegrpc v1.39.0/go.mod h1:Rp0EXBm5tfnv0WL+ARyO/PHBEaEAT8UUHQ6AGJcSq6c=
go.opentelemetry.io/otel/exporters/prometheus v0.61.0 h1:cCyZS4dr67d30uDyh8etKM2QyDsQ4zC9ds3bdbrVoD0=
go.opentelemetry.io/otel/exporters/prometheus v0.61.0/go.mod h1:iivMuj3xpR2DkUrUya3TPS/Z9h3dz7h01GxU+fQBRNg=
go.opentelemetry.io/otel/exporters/stdout/stdoutmetric v1.39.0 h1:5gn2urDL/FBnK8OkCfD1j3/ER79rUuTYmCvlXBKeYL8=
go.opentelemetry.io/otel/exporters/stdout/stdoutmetric v1.39.0/go.mod h1:0fBG6ZJxhqByfFZDwSwpZGzJU671HkwpWaNe2t4VUPI=
go.opentelemetry.io/otel/exporters/stdout/stdouttrace v1.39.0 h1:8UPA4IbVZxpsD76ihGOQiFml99GPAEZLohDXvqHdi6U=
go.opentelemetry.io/otel/exporters/stdout/stdouttrace v1.39.0/go.mod h1:MZ1T/+51uIVKlRzGw1Fo46KEWThjlCBZKl2LzY5nv4g=
go.opentelemetry.io/otel/metric v1.39.0 h1:d1UzonvEZriVfpNKEVmHXbdf909uGTOQjA0HF0Ls5Q0=
go.opentelemetry.io/otel/metric v1.39.0/go.mod h1:jrZSWL33sD7bBxg1xjrqyDjnuzTUB0x1nBERXd7Ftcs=
go.opentelemetry.io/otel/sdk v1.39.0 h1:nMLYcjVsvdui1B/4FRkwjzoRVsMK8uL/cj0OyhKzt18=
go.opentelemetry.io/otel/sdk v1.39.0/go.mod h1:vDojkC4/jsTJsE+kh+LXYQlbL8CgrEcwmt1ENZszdJE=
go.opentelemetry.io/otel/sdk/metric v1.39.0 h1:cXMVVFVgsIf2YL6QkRF4Urbr/aMInf+2WKg+sEJTtB8=
go.opentelemetry.io/otel/sdk/metric v1.39.0/go.mod h1:xq9HEVH7qeX69/JnwEfp6fVq5wosJsY1mt4lLfYdVew=
go.opentelemetry.io/otel/trace v1.39.0 h1:2d2vfpEDmCJ5zVYz7ijaJdOF59xLomrvj7bjt6/qCJI=
go.opentelemetry.io/otel/trace v1.39.0/go.mod h1:88w4/PnZSazkGzz/w84VHpQafiU4EtqqlVdxWy+rNOA=
go.opentelemetry.io/proto/otlp v1.9.0 h1:l706jCMITVouPOqEnii2fIAuO3IVGBRPV5ICjceRb/A=
go.opentelemetry.io/proto/otlp v1.9.0/go.mod h1:xE+Cx5E/eEHw+ISFkwPLwCZefwVjY+pqKg1qcK03+/4=
go.yaml.in/yaml/v2 v2.4.3 h1:6gvOSjQoTB3vt1l+CU+tSyi/HOjfOjRLJ4YwYZGwRO0=
go.yaml.in/yaml/v2 v2.4.3/go.mod h1:zSxWcmIDjOzPXpjlTTbAsKokqkDNAVtZO0WOMiT90s8=
golang.org/x/net v0.47.0 h1:Mx+4dIFzqraBXUugkia1OOvlD6LemFo1ALMHjrXDOhY=
golang.org/x/net v0.47.0/go.mod h1:/jNxtkgq5yWUGYkaZGqo27cfGZ1c5Nen03aYrrKpVRU=
golang.org/x/oauth2 v0.30.0 h1:dnDm7JmhM45NNpd8FDDeLhK6FwqbOf4MLCM9zb1BOHI=
golang.org/x/oauth2 v0.30.0/go.mod h1:B++QgG3ZKulg6sRPGD/mqlHQs5rB3Ml9erfeDY7xKlU=
golang.org/x/oauth2 v0.32.0/go.mod h1:lzm5WQJQwKZ3nwavOZ3IS5Aulzxi68dUSgRHujetwEA=
golang.org/x/sync v0.10.0 h1:3NQrjDixjgGwUOCaF8w2+VYHv0Ve/vGYSbdkTa98gmQ=
golang.org/x/sync v0.10.0/go.mod h1:Czt+wKu1gCyEFDUtn0jG5QVvpJ6rzVqr5aXyt9drQfk=
golang.org/x/sys v0.0.0-20220520151302-bc2c85ada10a/go.mod h1:oPkhp1MJrh7nUepCBck5+mAzfO9JrbApNNgaTdGDITg=
golang.org/x/sys v0.29.0 h1:TPYlXGxvx1MGTn2GiZDhnjPA9wZzZeGKHHmKhHYvgaU=
golang.org/x/sys v0.29.0/go.mod h1:/VUhepiaJMQUp4+oa/7Zr1D23ma6VTLIYjOOTFZPUcA=
golang.org/x/sys v0.39.0 h1:CvCKL8MeisomCi6qNZ+wbb0DN9E5AATixKsvNtMoMFk=
golang.org/x/sys v0.39.0/go.mod h1:OgkHotnGiDImocRcuBABYBEXf8A9a87e/uXjp9XT3ks=
golang.org/x/text v0.31.0 h1:aC8ghyu4JhP8VojJ2lEHBnochRno1sgL6nEi9WGFGMM=
golang.org/x/text v0.31.0/go.mod h1:tKRAlv61yKIjGGHX/4tP1LTbc13YSec1pxVEWXzfoeM=
golang.org/x/tools v0.34.0 h1:qIpSLOxeCYGg9TrcJokLBG4KFA6d795g0xkBkiESGlo=
golang.org/x/tools v0.34.0/go.mod h1:pAP9OwEaY1CAW3HOmg3hLZC5Z0CCmzjAF2UQMSqNARg=
google.golang.org/genproto/googleapis/api v0.0.0-20251202230838-ff82c1b0f217 h1:fCvbg86sFXwdrl5LgVcTEvNC+2txB5mgROGmRL5mrls=
google.golang.org/genproto/googleapis/api v0.0.0-20251202230838-ff82c1b0f217/go.mod h1:+rXWjjaukWZun3mLfjmVnQi18E1AsFbDN9QdJ5YXLto=
google.golang.org/genproto/googleapis/rpc v0.0.0-20251202230838-ff82c1b0f217 h1:gRkg/vSppuSQoDjxyiGfN4Upv/h/DQmIR10ZU8dh4Ww=
google.golang.org/genproto/googleapis/rpc v0.0.0-20251202230838-ff82c1b0f217/go.mod h1:7i2o+ce6H/6BluujYR+kqX3GKH+dChPTQU19wjRPiGk=
google.golang.org/grpc v1.77.0 h1:wVVY6/8cGA6vvffn+wWK5ToddbgdU3d8MNENr4evgXM=
google.golang.org/grpc v1.77.0/go.mod h1:z0BY1iVj0q8E1uSQCjL9cppRj+gnZjzDnzV0dHhrNig=
google.golang.org/protobuf v1.36.6 h1:z1NpPI8ku2WgiWnf+t9wTPsn6eP1L7ksHUlkfLvd9xY=
google.golang.org/protobuf v1.36.6/go.mod h1:jduwjTPXsFjZGTmRluh+L6NjiWu7pchiJ2/5YcXBHnY=
google.golang.org/protobuf v1.36.10 h1:AYd7cD/uASjIL6Q9LiTjz8JLcrh/88q5UObnmY3aOOE=
google.golang.org/protobuf v1.36.10/go.mod h1:HTf+CrKn2C3g5S8VImy6tdcUvCska2kB7j23XfzDpco=
gopkg.in/check.v1 v0.0.0-20161208181325-20d25e280405/go.mod h1:Co6ibVJAznAaIkqp8huTwlJQCZ016jof/cbN4VW5Yz0=
gopkg.in/yaml.v3 v3.0.0-20200313102051-9f266ea9e77c/go.mod h1:K4uyk7z7BCEPqu6E+C64Yfv1cQ7kz7rIZviUmN+EgEM=
gopkg.in/yaml.v3 v3.0.0/go.mod h1:K4uyk7z7BCEPqu6E+C64Yfv1cQ7kz7rIZviUmN+EgEM=
gopkg.in/yaml.v3 v3.0.1 h1:fxVm/GzAzEWqLHuvctI91KS9hhNmmWOoWu0XTYJS7CA=
gopkg.in/yaml.v3 v3.0.1/go.mod h1:K4uyk7z7BCEPqu6E+C64Yfv1cQ7kz7rIZviUmN+EgEM=
